// !$*UTF8*$!
{
	archiveVersion = 1;
	classes = {
	};
	objectVersion = 46;
	objects = {

/* Begin PBXBuildFile section */
		7B62D8921AC9F93600E974F4 /* AppDelegate.swift in Sources */ = {isa = PBXBuildFile; fileRef = 7B62D8911AC9F93600E974F4 /* AppDelegate.swift */; };
		7B62D8941AC9F93600E974F4 /* ViewController.swift in Sources */ = {isa = PBXBuildFile; fileRef = 7B62D8931AC9F93600E974F4 /* ViewController.swift */; };
		7B62D8971AC9F93600E974F4 /* Main.storyboard in Resources */ = {isa = PBXBuildFile; fileRef = 7B62D8951AC9F93600E974F4 /* Main.storyboard */; };
		7B62D8991AC9F93600E974F4 /* Images.xcassets in Resources */ = {isa = PBXBuildFile; fileRef = 7B62D8981AC9F93600E974F4 /* Images.xcassets */; };
		7B62D89C1AC9F93600E974F4 /* LaunchScreen.xib in Resources */ = {isa = PBXBuildFile; fileRef = 7B62D89A1AC9F93600E974F4 /* LaunchScreen.xib */; };
		7B62D8A81AC9F93600E974F4 /* downloaderTests.swift in Sources */ = {isa = PBXBuildFile; fileRef = 7B62D8A71AC9F93600E974F4 /* downloaderTests.swift */; };
		7B9A38C91ACA572700CD2291 /* Alamofire.swift in Sources */ = {isa = PBXBuildFile; fileRef = 7B9A38C81ACA572700CD2291 /* Alamofire.swift */; };
/* End PBXBuildFile section */

/* Begin PBXContainerItemProxy section */
		7B62D8A21AC9F93600E974F4 /* PBXContainerItemProxy */ = {
			isa = PBXContainerItemProxy;
			containerPortal = 7B62D8841AC9F93500E974F4 /* Project object */;
			proxyType = 1;
			remoteGlobalIDString = 7B62D88B1AC9F93500E974F4;
			remoteInfo = downloader;
		};
/* End PBXContainerItemProxy section */

/* Begin PBXFileReference section */
		7B62D88C1AC9F93500E974F4 /* downloader.app */ = {isa = PBXFileReference; explicitFileType = wrapper.application; includeInIndex = 0; path = downloader.app; sourceTree = BUILT_PRODUCTS_DIR; };
		7B62D8901AC9F93600E974F4 /* Info.plist */ = {isa = PBXFileReference; lastKnownFileType = text.plist.xml; path = Info.plist; sourceTree = "<group>"; };
		7B62D8911AC9F93600E974F4 /* AppDelegate.swift */ = {isa = PBXFileReference; lastKnownFileType = sourcecode.swift; path = AppDelegate.swift; sourceTree = "<group>"; };
		7B62D8931AC9F93600E974F4 /* ViewController.swift */ = {isa = PBXFileReference; lastKnownFileType = sourcecode.swift; path = ViewController.swift; sourceTree = "<group>"; };
		7B62D8961AC9F93600E974F4 /* Base */ = {isa = PBXFileReference; lastKnownFileType = file.storyboard; name = Base; path = Base.lproj/Main.storyboard; sourceTree = "<group>"; };
		7B62D8981AC9F93600E974F4 /* Images.xcassets */ = {isa = PBXFileReference; lastKnownFileType = folder.assetcatalog; path = Images.xcassets; sourceTree = "<group>"; };
		7B62D89B1AC9F93600E974F4 /* Base */ = {isa = PBXFileReference; lastKnownFileType = file.xib; name = Base; path = Base.lproj/LaunchScreen.xib; sourceTree = "<group>"; };
		7B62D8A11AC9F93600E974F4 /* downloaderTests.xctest */ = {isa = PBXFileReference; explicitFileType = wrapper.cfbundle; includeInIndex = 0; path = downloaderTests.xctest; sourceTree = BUILT_PRODUCTS_DIR; };
		7B62D8A61AC9F93600E974F4 /* Info.plist */ = {isa = PBXFileReference; lastKnownFileType = text.plist.xml; path = Info.plist; sourceTree = "<group>"; };
		7B62D8A71AC9F93600E974F4 /* downloaderTests.swift */ = {isa = PBXFileReference; lastKnownFileType = sourcecode.swift; path = downloaderTests.swift; sourceTree = "<group>"; };
		7B9A38C81ACA572700CD2291 /* Alamofire.swift */ = {isa = PBXFileReference; fileEncoding = 4; lastKnownFileType = sourcecode.swift; path = Alamofire.swift; sourceTree = "<group>"; };
/* End PBXFileReference section */

/* Begin PBXFrameworksBuildPhase section */
		7B62D8891AC9F93500E974F4 /* Frameworks */ = {
			isa = PBXFrameworksBuildPhase;
			buildActionMask = 2147483647;
			files = (
			);
			runOnlyForDeploymentPostprocessing = 0;
		};
		7B62D89E1AC9F93600E974F4 /* Frameworks */ = {
			isa = PBXFrameworksBuildPhase;
			buildActionMask = 2147483647;
			files = (
			);
			runOnlyForDeploymentPostprocessing = 0;
		};
/* End PBXFrameworksBuildPhase section */

/* Begin PBXGroup section */
		7B62D8831AC9F93500E974F4 = {
			isa = PBXGroup;
			children = (
				7B62D88E1AC9F93500E974F4 /* downloader */,
				7B62D8A41AC9F93600E974F4 /* downloaderTests */,
				7B62D88D1AC9F93500E974F4 /* Products */,
			);
			sourceTree = "<group>";
		};
		7B62D88D1AC9F93500E974F4 /* Products */ = {
			isa = PBXGroup;
			children = (
				7B62D88C1AC9F93500E974F4 /* downloader.app */,
				7B62D8A11AC9F93600E974F4 /* downloaderTests.xctest */,
			);
			name = Products;
			sourceTree = "<group>";
		};
		7B62D88E1AC9F93500E974F4 /* downloader */ = {
			isa = PBXGroup;
			children = (
				7B62D8911AC9F93600E974F4 /* AppDelegate.swift */,
				7B62D8931AC9F93600E974F4 /* ViewController.swift */,
				7B9A38C81ACA572700CD2291 /* Alamofire.swift */,
				7B62D8951AC9F93600E974F4 /* Main.storyboard */,
				7B62D8981AC9F93600E974F4 /* Images.xcassets */,
				7B62D89A1AC9F93600E974F4 /* LaunchScreen.xib */,
				7B62D88F1AC9F93600E974F4 /* Supporting Files */,
			);
			path = downloader;
			sourceTree = "<group>";
		};
		7B62D88F1AC9F93600E974F4 /* Supporting Files */ = {
			isa = PBXGroup;
			children = (
				7B62D8901AC9F93600E974F4 /* Info.plist */,
			);
			name = "Supporting Files";
			sourceTree = "<group>";
		};
		7B62D8A41AC9F93600E974F4 /* downloaderTests */ = {
			isa = PBXGroup;
			children = (
				7B62D8A71AC9F93600E974F4 /* downloaderTests.swift */,
				7B62D8A51AC9F93600E974F4 /* Supporting Files */,
			);
			path = downloaderTests;
			sourceTree = "<group>";
		};
		7B62D8A51AC9F93600E974F4 /* Supporting Files */ = {
			isa = PBXGroup;
			children = (
				7B62D8A61AC9F93600E974F4 /* Info.plist */,
			);
			name = "Supporting Files";
			sourceTree = "<group>";
		};
/* End PBXGroup section */

/* Begin PBXNativeTarget section */
		7B62D88B1AC9F93500E974F4 /* downloader */ = {
			isa = PBXNativeTarget;
			buildConfigurationList = 7B62D8AB1AC9F93600E974F4 /* Build configuration list for PBXNativeTarget "downloader" */;
			buildPhases = (
				7B62D8881AC9F93500E974F4 /* Sources */,
				7B62D8891AC9F93500E974F4 /* Frameworks */,
				7B62D88A1AC9F93500E974F4 /* Resources */,
			);
			buildRules = (
			);
			dependencies = (
			);
			name = downloader;
			productName = downloader;
			productReference = 7B62D88C1AC9F93500E974F4 /* downloader.app */;
			productType = "com.apple.product-type.application";
		};
		7B62D8A01AC9F93600E974F4 /* downloaderTests */ = {
			isa = PBXNativeTarget;
			buildConfigurationList = 7B62D8AE1AC9F93600E974F4 /* Build configuration list for PBXNativeTarget "downloaderTests" */;
			buildPhases = (
				7B62D89D1AC9F93600E974F4 /* Sources */,
				7B62D89E1AC9F93600E974F4 /* Frameworks */,
				7B62D89F1AC9F93600E974F4 /* Resources */,
			);
			buildRules = (
			);
			dependencies = (
				7B62D8A31AC9F93600E974F4 /* PBXTargetDependency */,
			);
			name = downloaderTests;
			productName = downloaderTests;
			productReference = 7B62D8A11AC9F93600E974F4 /* downloaderTests.xctest */;
			productType = "com.apple.product-type.bundle.unit-test";
		};
/* End PBXNativeTarget section */

/* Begin PBXProject section */
		7B62D8841AC9F93500E974F4 /* Project object */ = {
			isa = PBXProject;
			attributes = {
				LastUpgradeCheck = 0620;
				ORGANIZATIONNAME = ThreeGuys;
				TargetAttributes = {
					7B62D88B1AC9F93500E974F4 = {
						CreatedOnToolsVersion = 6.2;
						DevelopmentTeam = 6N3T2MC2AY;
					};
					7B62D8A01AC9F93600E974F4 = {
						CreatedOnToolsVersion = 6.2;
						TestTargetID = 7B62D88B1AC9F93500E974F4;
					};
				};
			};
			buildConfigurationList = 7B62D8871AC9F93500E974F4 /* Build configuration list for PBXProject "downloader" */;
			compatibilityVersion = "Xcode 3.2";
			developmentRegion = English;
			hasScannedForEncodings = 0;
			knownRegions = (
				en,
				Base,
			);
			mainGroup = 7B62D8831AC9F93500E974F4;
			productRefGroup = 7B62D88D1AC9F93500E974F4 /* Products */;
			projectDirPath = "";
			projectRoot = "";
			targets = (
				7B62D88B1AC9F93500E974F4 /* downloader */,
				7B62D8A01AC9F93600E974F4 /* downloaderTests */,
			);
		};
/* End PBXProject section */

/* Begin PBXResourcesBuildPhase section */
		7B62D88A1AC9F93500E974F4 /* Resources */ = {
			isa = PBXResourcesBuildPhase;
			buildActionMask = 2147483647;
			files = (
				7B62D8971AC9F93600E974F4 /* Main.storyboard in Resources */,
				7B62D89C1AC9F93600E974F4 /* LaunchScreen.xib in Resources */,
				7B62D8991AC9F93600E974F4 /* Images.xcassets in Resources */,
			);
			runOnlyForDeploymentPostprocessing = 0;
		};
		7B62D89F1AC9F93600E974F4 /* Resources */ = {
			isa = PBXResourcesBuildPhase;
			buildActionMask = 2147483647;
			files = (
			);
			runOnlyForDeploymentPostprocessing = 0;
		};
/* End PBXResourcesBuildPhase section */

/* Begin PBXSourcesBuildPhase section */
		7B62D8881AC9F93500E974F4 /* Sources */ = {
			isa = PBXSourcesBuildPhase;
			buildActionMask = 2147483647;
			files = (
				7B62D8941AC9F93600E974F4 /* ViewController.swift in Sources */,
				7B9A38C91ACA572700CD2291 /* Alamofire.swift in Sources */,
				7B62D8921AC9F93600E974F4 /* AppDelegate.swift in Sources */,
			);
			runOnlyForDeploymentPostprocessing = 0;
		};
		7B62D89D1AC9F93600E974F4 /* Sources */ = {
			isa = PBXSourcesBuildPhase;
			buildActionMask = 2147483647;
			files = (
				7B62D8A81AC9F93600E974F4 /* downloaderTests.swift in Sources */,
			);
			runOnlyForDeploymentPostprocessing = 0;
		};
/* End PBXSourcesBuildPhase section */

/* Begin PBXTargetDependency section */
		7B62D8A31AC9F93600E974F4 /* PBXTargetDependency */ = {
			isa = PBXTargetDependency;
			target = 7B62D88B1AC9F93500E974F4 /* downloader */;
			targetProxy = 7B62D8A21AC9F93600E974F4 /* PBXContainerItemProxy */;
		};
/* End PBXTargetDependency section */

/* Begin PBXVariantGroup section */
		7B62D8951AC9F93600E974F4 /* Main.storyboard */ = {
			isa = PBXVariantGroup;
			children = (
				7B62D8961AC9F93600E974F4 /* Base */,
			);
			name = Main.storyboard;
			sourceTree = "<group>";
		};
		7B62D89A1AC9F93600E974F4 /* LaunchScreen.xib */ = {
			isa = PBXVariantGroup;
			children = (
				7B62D89B1AC9F93600E974F4 /* Base */,
			);
			name = LaunchScreen.xib;
			sourceTree = "<group>";
		};
/* End PBXVariantGroup section */

/* Begin XCBuildConfiguration section */
		7B62D8A91AC9F93600E974F4 /* Debug */ = {
			isa = XCBuildConfiguration;
			buildSettings = {
				ALWAYS_SEARCH_USER_PATHS = NO;
				CLANG_CXX_LANGUAGE_STANDARD = "gnu++0x";
				CLANG_CXX_LIBRARY = "libc++";
				CLANG_ENABLE_MODULES = YES;
				CLANG_ENABLE_OBJC_ARC = YES;
				CLANG_WARN_BOOL_CONVERSION = YES;
				CLANG_WARN_CONSTANT_CONVERSION = YES;
				CLANG_WARN_DIRECT_OBJC_ISA_USAGE = YES_ERROR;
				CLANG_WARN_EMPTY_BODY = YES;
				CLANG_WARN_ENUM_CONVERSION = YES;
				CLANG_WARN_INT_CONVERSION = YES;
				CLANG_WARN_OBJC_ROOT_CLASS = YES_ERROR;
				CLANG_WARN_UNREACHABLE_CODE = YES;
				CLANG_WARN__DUPLICATE_METHOD_MATCH = YES;
				"CODE_SIGN_IDENTITY[sdk=iphoneos*]" = "iPhone Developer";
				COPY_PHASE_STRIP = NO;
				ENABLE_STRICT_OBJC_MSGSEND = YES;
				GCC_C_LANGUAGE_STANDARD = gnu99;
				GCC_DYNAMIC_NO_PIC = NO;
				GCC_OPTIMIZATION_LEVEL = 0;
				GCC_PREPROCESSOR_DEFINITIONS = (
					"DEBUG=1",
					"$(inherited)",
				);
				GCC_SYMBOLS_PRIVATE_EXTERN = NO;
				GCC_WARN_64_TO_32_BIT_CONVERSION = YES;
				GCC_WARN_ABOUT_RETURN_TYPE = YES_ERROR;
				GCC_WARN_UNDECLARED_SELECTOR = YES;
				GCC_WARN_UNINITIALIZED_AUTOS = YES_AGGRESSIVE;
				GCC_WARN_UNUSED_FUNCTION = YES;
				GCC_WARN_UNUSED_VARIABLE = YES;
				IPHONEOS_DEPLOYMENT_TARGET = 8.2;
				MTL_ENABLE_DEBUG_INFO = YES;
				ONLY_ACTIVE_ARCH = YES;
				SDKROOT = iphoneos;
				SWIFT_OPTIMIZATION_LEVEL = "-Onone";
				TARGETED_DEVICE_FAMILY = "1,2";
			};
			name = Debug;
		};
		7B62D8AA1AC9F93600E974F4 /* Release */ = {
			isa = XCBuildConfiguration;
			buildSettings = {
				ALWAYS_SEARCH_USER_PATHS = NO;
				CLANG_CXX_LANGUAGE_STANDARD = "gnu++0x";
				CLANG_CXX_LIBRARY = "libc++";
				CLANG_ENABLE_MODULES = YES;
				CLANG_ENABLE_OBJC_ARC = YES;
				CLANG_WARN_BOOL_CONVERSION = YES;
				CLANG_WARN_CONSTANT_CONVERSION = YES;
				CLANG_WARN_DIRECT_OBJC_ISA_USAGE = YES_ERROR;
				CLANG_WARN_EMPTY_BODY = YES;
				CLANG_WARN_ENUM_CONVERSION = YES;
				CLANG_WARN_INT_CONVERSION = YES;
				CLANG_WARN_OBJC_ROOT_CLASS = YES_ERROR;
				CLANG_WARN_UNREACHABLE_CODE = YES;
				CLANG_WARN__DUPLICATE_METHOD_MATCH = YES;
				"CODE_SIGN_IDENTITY[sdk=iphoneos*]" = "iPhone Developer";
				COPY_PHASE_STRIP = NO;
				ENABLE_NS_ASSERTIONS = NO;
				ENABLE_STRICT_OBJC_MSGSEND = YES;
				GCC_C_LANGUAGE_STANDARD = gnu99;
				GCC_WARN_64_TO_32_BIT_CONVERSION = YES;
				GCC_WARN_ABOUT_RETURN_TYPE = YES_ERROR;
				GCC_WARN_UNDECLARED_SELECTOR = YES;
				GCC_WARN_UNINITIALIZED_AUTOS = YES_AGGRESSIVE;
				GCC_WARN_UNUSED_FUNCTION = YES;
				GCC_WARN_UNUSED_VARIABLE = YES;
				IPHONEOS_DEPLOYMENT_TARGET = 8.2;
				MTL_ENABLE_DEBUG_INFO = NO;
				SDKROOT = iphoneos;
				TARGETED_DEVICE_FAMILY = "1,2";
				VALIDATE_PRODUCT = YES;
			};
			name = Release;
		};
		7B62D8AC1AC9F93600E974F4 /* Debug */ = {
			isa = XCBuildConfiguration;
			buildSettings = {
				ASSETCATALOG_COMPILER_APPICON_NAME = AppIcon;
				CODE_SIGN_IDENTITY = "iPhone Developer";
				INFOPLIST_FILE = downloader/Info.plist;
				LD_RUNPATH_SEARCH_PATHS = "$(inherited) @executable_path/Frameworks";
				PRODUCT_NAME = "$(TARGET_NAME)";
			};
			name = Debug;
		};
		7B62D8AD1AC9F93600E974F4 /* Release */ = {
			isa = XCBuildConfiguration;
			buildSettings = {
				ASSETCATALOG_COMPILER_APPICON_NAME = AppIcon;
				CODE_SIGN_IDENTITY = "iPhone Developer";
				INFOPLIST_FILE = downloader/Info.plist;
				LD_RUNPATH_SEARCH_PATHS = "$(inherited) @executable_path/Frameworks";
				PRODUCT_NAME = "$(TARGET_NAME)";
			};
			name = Release;
		};
		7B62D8AF1AC9F93600E974F4 /* Debug */ = {
			isa = XCBuildConfiguration;
			buildSettings = {
				BUNDLE_LOADER = "$(TEST_HOST)";
				FRAMEWORK_SEARCH_PATHS = (
					"$(SDKROOT)/Developer/Library/Frameworks",
					"$(inherited)",
				);
				GCC_PREPROCESSOR_DEFINITIONS = (
					"DEBUG=1",
					"$(inherited)",
				);
				INFOPLIST_FILE = downloaderTests/Info.plist;
				LD_RUNPATH_SEARCH_PATHS = "$(inherited) @executable_path/Frameworks @loader_path/Frameworks";
				PRODUCT_NAME = "$(TARGET_NAME)";
				TEST_HOST = "$(BUILT_PRODUCTS_DIR)/downloader.app/downloader";
			};
			name = Debug;
		};
		7B62D8B01AC9F93600E974F4 /* Release */ = {
			isa = XCBuildConfiguration;
			buildSettings = {
				BUNDLE_LOADER = "$(TEST_HOST)";
				FRAMEWORK_SEARCH_PATHS = (
					"$(SDKROOT)/Developer/Library/Frameworks",
					"$(inherited)",
				);
				INFOPLIST_FILE = downloaderTests/Info.plist;
				LD_RUNPATH_SEARCH_PATHS = "$(inherited) @executable_path/Frameworks @loader_path/Frameworks";
				PRODUCT_NAME = "$(TARGET_NAME)";
				TEST_HOST = "$(BUILT_PRODUCTS_DIR)/downloader.app/downloader";
			};
			name = Release;
		};
/* End XCBuildConfiguration section */

/* Begin XCConfigurationList section */
		7B62D8871AC9F93500E974F4 /* Build configuration list for PBXProject "downloader" */ = {
			isa = XCConfigurationList;
			buildConfigurations = (
				7B62D8A91AC9F93600E974F4 /* Debug */,
				7B62D8AA1AC9F93600E974F4 /* Release */,
			);
			defaultConfigurationIsVisible = 0;
			defaultConfigurationName = Release;
		};
		7B62D8AB1AC9F93600E974F4 /* Build configuration list for PBXNativeTarget "downloader" */ = {
			isa = XCConfigurationList;
			buildConfigurations = (
				7B62D8AC1AC9F93600E974F4 /* Debug */,
				7B62D8AD1AC9F93600E974F4 /* Release */,
			);
			defaultConfigurationIsVisible = 0;
			defaultConfigurationName = Release;
		};
		7B62D8AE1AC9F93600E974F4 /* Build configuration list for PBXNativeTarget "downloaderTests" */ = {
			isa = XCConfigurationList;
			buildConfigurations = (
				7B62D8AF1AC9F93600E974F4 /* Debug */,
				7B62D8B01AC9F93600E974F4 /* Release */,
			);
			defaultConfigurationIsVisible = 0;
			defaultConfigurationName = Release;
		};
/* End XCConfigurationList section */
	};
	rootObject = 7B62D8841AC9F93500E974F4 /* Project object */;
}
