// !$*UTF8*$!
{
	archiveVersion = 1;
	classes = {
	};
	objectVersion = 46;
	objects = {

/* Begin PBXBuildFile section */
		AED289401AC1AF6500F429F1 /* AppDelegate.swift in Sources */ = {isa = PBXBuildFile; fileRef = AED2893F1AC1AF6500F429F1 /* AppDelegate.swift */; };
		AED289421AC1AF6500F429F1 /* ViewController.swift in Sources */ = {isa = PBXBuildFile; fileRef = AED289411AC1AF6500F429F1 /* ViewController.swift */; };
		AED289451AC1AF6500F429F1 /* Main.storyboard in Resources */ = {isa = PBXBuildFile; fileRef = AED289431AC1AF6500F429F1 /* Main.storyboard */; };
		AED289471AC1AF6500F429F1 /* Images.xcassets in Resources */ = {isa = PBXBuildFile; fileRef = AED289461AC1AF6500F429F1 /* Images.xcassets */; };
		AED2894A1AC1AF6500F429F1 /* LaunchScreen.xib in Resources */ = {isa = PBXBuildFile; fileRef = AED289481AC1AF6500F429F1 /* LaunchScreen.xib */; };
		AED289561AC1AF6500F429F1 /* Location_LoggerTests.swift in Sources */ = {isa = PBXBuildFile; fileRef = AED289551AC1AF6500F429F1 /* Location_LoggerTests.swift */; };
		AED289621AC1B00700F429F1 /* MapKit.framework in Frameworks */ = {isa = PBXBuildFile; fileRef = AED289611AC1B00700F429F1 /* MapKit.framework */; };
/* End PBXBuildFile section */

/* Begin PBXContainerItemProxy section */
		AED289501AC1AF6500F429F1 /* PBXContainerItemProxy */ = {
			isa = PBXContainerItemProxy;
			containerPortal = AED289321AC1AF6500F429F1 /* Project object */;
			proxyType = 1;
			remoteGlobalIDString = AED289391AC1AF6500F429F1;
			remoteInfo = "Location Logger";
		};
/* End PBXContainerItemProxy section */

/* Begin PBXFileReference section */
		AED2893A1AC1AF6500F429F1 /* Location Logger.app */ = {isa = PBXFileReference; explicitFileType = wrapper.application; includeInIndex = 0; path = "Location Logger.app"; sourceTree = BUILT_PRODUCTS_DIR; };
		AED2893E1AC1AF6500F429F1 /* Info.plist */ = {isa = PBXFileReference; lastKnownFileType = text.plist.xml; path = Info.plist; sourceTree = "<group>"; };
		AED2893F1AC1AF6500F429F1 /* AppDelegate.swift */ = {isa = PBXFileReference; lastKnownFileType = sourcecode.swift; path = AppDelegate.swift; sourceTree = "<group>"; };
		AED289411AC1AF6500F429F1 /* ViewController.swift */ = {isa = PBXFileReference; lastKnownFileType = sourcecode.swift; path = ViewController.swift; sourceTree = "<group>"; };
		AED289441AC1AF6500F429F1 /* Base */ = {isa = PBXFileReference; lastKnownFileType = file.storyboard; name = Base; path = Base.lproj/Main.storyboard; sourceTree = "<group>"; };
		AED289461AC1AF6500F429F1 /* Images.xcassets */ = {isa = PBXFileReference; lastKnownFileType = folder.assetcatalog; path = Images.xcassets; sourceTree = "<group>"; };
		AED289491AC1AF6500F429F1 /* Base */ = {isa = PBXFileReference; lastKnownFileType = file.xib; name = Base; path = Base.lproj/LaunchScreen.xib; sourceTree = "<group>"; };
		AED2894F1AC1AF6500F429F1 /* Location LoggerTests.xctest */ = {isa = PBXFileReference; explicitFileType = wrapper.cfbundle; includeInIndex = 0; path = "Location LoggerTests.xctest"; sourceTree = BUILT_PRODUCTS_DIR; };
		AED289541AC1AF6500F429F1 /* Info.plist */ = {isa = PBXFileReference; lastKnownFileType = text.plist.xml; path = Info.plist; sourceTree = "<group>"; };
		AED289551AC1AF6500F429F1 /* Location_LoggerTests.swift */ = {isa = PBXFileReference; lastKnownFileType = sourcecode.swift; path = Location_LoggerTests.swift; sourceTree = "<group>"; };
		AED289611AC1B00700F429F1 /* MapKit.framework */ = {isa = PBXFileReference; lastKnownFileType = wrapper.framework; name = MapKit.framework; path = System/Library/Frameworks/MapKit.framework; sourceTree = SDKROOT; };
/* End PBXFileReference section */

/* Begin PBXFrameworksBuildPhase section */
		AED289371AC1AF6500F429F1 /* Frameworks */ = {
			isa = PBXFrameworksBuildPhase;
			buildActionMask = 2147483647;
			files = (
				AED289621AC1B00700F429F1 /* MapKit.framework in Frameworks */,
			);
			runOnlyForDeploymentPostprocessing = 0;
		};
		AED2894C1AC1AF6500F429F1 /* Frameworks */ = {
			isa = PBXFrameworksBuildPhase;
			buildActionMask = 2147483647;
			files = (
			);
			runOnlyForDeploymentPostprocessing = 0;
		};
/* End PBXFrameworksBuildPhase section */

/* Begin PBXGroup section */
		AED289311AC1AF6500F429F1 = {
			isa = PBXGroup;
			children = (
				AED289611AC1B00700F429F1 /* MapKit.framework */,
				AED2893C1AC1AF6500F429F1 /* Location Logger */,
				AED289521AC1AF6500F429F1 /* Location LoggerTests */,
				AED2893B1AC1AF6500F429F1 /* Products */,
			);
			sourceTree = "<group>";
		};
		AED2893B1AC1AF6500F429F1 /* Products */ = {
			isa = PBXGroup;
			children = (
				AED2893A1AC1AF6500F429F1 /* Location Logger.app */,
				AED2894F1AC1AF6500F429F1 /* Location LoggerTests.xctest */,
			);
			name = Products;
			sourceTree = "<group>";
		};
		AED2893C1AC1AF6500F429F1 /* Location Logger */ = {
			isa = PBXGroup;
			children = (
				AED2893F1AC1AF6500F429F1 /* AppDelegate.swift */,
				AED289411AC1AF6500F429F1 /* ViewController.swift */,
				AED289431AC1AF6500F429F1 /* Main.storyboard */,
				AED289461AC1AF6500F429F1 /* Images.xcassets */,
				AED289481AC1AF6500F429F1 /* LaunchScreen.xib */,
				AED2893D1AC1AF6500F429F1 /* Supporting Files */,
			);
			path = "Location Logger";
			sourceTree = "<group>";
		};
		AED2893D1AC1AF6500F429F1 /* Supporting Files */ = {
			isa = PBXGroup;
			children = (
				AED2893E1AC1AF6500F429F1 /* Info.plist */,
			);
			name = "Supporting Files";
			sourceTree = "<group>";
		};
		AED289521AC1AF6500F429F1 /* Location LoggerTests */ = {
			isa = PBXGroup;
			children = (
				AED289551AC1AF6500F429F1 /* Location_LoggerTests.swift */,
				AED289531AC1AF6500F429F1 /* Supporting Files */,
			);
			path = "Location LoggerTests";
			sourceTree = "<group>";
		};
		AED289531AC1AF6500F429F1 /* Supporting Files */ = {
			isa = PBXGroup;
			children = (
				AED289541AC1AF6500F429F1 /* Info.plist */,
			);
			name = "Supporting Files";
			sourceTree = "<group>";
		};
/* End PBXGroup section */

/* Begin PBXNativeTarget section */
		AED289391AC1AF6500F429F1 /* Location Logger */ = {
			isa = PBXNativeTarget;
			buildConfigurationList = AED289591AC1AF6500F429F1 /* Build configuration list for PBXNativeTarget "Location Logger" */;
			buildPhases = (
				AED289361AC1AF6500F429F1 /* Sources */,
				AED289371AC1AF6500F429F1 /* Frameworks */,
				AED289381AC1AF6500F429F1 /* Resources */,
			);
			buildRules = (
			);
			dependencies = (
			);
			name = "Location Logger";
			productName = "Location Logger";
			productReference = AED2893A1AC1AF6500F429F1 /* Location Logger.app */;
			productType = "com.apple.product-type.application";
		};
		AED2894E1AC1AF6500F429F1 /* Location LoggerTests */ = {
			isa = PBXNativeTarget;
			buildConfigurationList = AED2895C1AC1AF6500F429F1 /* Build configuration list for PBXNativeTarget "Location LoggerTests" */;
			buildPhases = (
				AED2894B1AC1AF6500F429F1 /* Sources */,
				AED2894C1AC1AF6500F429F1 /* Frameworks */,
				AED2894D1AC1AF6500F429F1 /* Resources */,
			);
			buildRules = (
			);
			dependencies = (
				AED289511AC1AF6500F429F1 /* PBXTargetDependency */,
			);
			name = "Location LoggerTests";
			productName = "Location LoggerTests";
			productReference = AED2894F1AC1AF6500F429F1 /* Location LoggerTests.xctest */;
			productType = "com.apple.product-type.bundle.unit-test";
		};
/* End PBXNativeTarget section */

/* Begin PBXProject section */
		AED289321AC1AF6500F429F1 /* Project object */ = {
			isa = PBXProject;
			attributes = {
				LastUpgradeCheck = 0610;
				ORGANIZATIONNAME = GreekEasy;
				TargetAttributes = {
					AED289391AC1AF6500F429F1 = {
						CreatedOnToolsVersion = 6.1.1;
						DevelopmentTeam = 6N3T2MC2AY;
						SystemCapabilities = {
							com.apple.Maps.iOS = {
								enabled = 1;
							};
						};
					};
					AED2894E1AC1AF6500F429F1 = {
						CreatedOnToolsVersion = 6.1.1;
						TestTargetID = AED289391AC1AF6500F429F1;
					};
				};
			};
			buildConfigurationList = AED289351AC1AF6500F429F1 /* Build configuration list for PBXProject "Location Logger" */;
			compatibilityVersion = "Xcode 3.2";
			developmentRegion = English;
			hasScannedForEncodings = 0;
			knownRegions = (
				en,
				Base,
			);
			mainGroup = AED289311AC1AF6500F429F1;
			productRefGroup = AED2893B1AC1AF6500F429F1 /* Products */;
			projectDirPath = "";
			projectRoot = "";
			targets = (
				AED289391AC1AF6500F429F1 /* Location Logger */,
				AED2894E1AC1AF6500F429F1 /* Location LoggerTests */,
			);
		};
/* End PBXProject section */

/* Begin PBXResourcesBuildPhase section */
		AED289381AC1AF6500F429F1 /* Resources */ = {
			isa = PBXResourcesBuildPhase;
			buildActionMask = 2147483647;
			files = (
				AED289451AC1AF6500F429F1 /* Main.storyboard in Resources */,
				AED2894A1AC1AF6500F429F1 /* LaunchScreen.xib in Resources */,
				AED289471AC1AF6500F429F1 /* Images.xcassets in Resources */,
			);
			runOnlyForDeploymentPostprocessing = 0;
		};
		AED2894D1AC1AF6500F429F1 /* Resources */ = {
			isa = PBXResourcesBuildPhase;
			buildActionMask = 2147483647;
			files = (
			);
			runOnlyForDeploymentPostprocessing = 0;
		};
/* End PBXResourcesBuildPhase section */

/* Begin PBXSourcesBuildPhase section */
		AED289361AC1AF6500F429F1 /* Sources */ = {
			isa = PBXSourcesBuildPhase;
			buildActionMask = 2147483647;
			files = (
				AED289421AC1AF6500F429F1 /* ViewController.swift in Sources */,
				AED289401AC1AF6500F429F1 /* AppDelegate.swift in Sources */,
			);
			runOnlyForDeploymentPostprocessing = 0;
		};
		AED2894B1AC1AF6500F429F1 /* Sources */ = {
			isa = PBXSourcesBuildPhase;
			buildActionMask = 2147483647;
			files = (
				AED289561AC1AF6500F429F1 /* Location_LoggerTests.swift in Sources */,
			);
			runOnlyForDeploymentPostprocessing = 0;
		};
/* End PBXSourcesBuildPhase section */

/* Begin PBXTargetDependency section */
		AED289511AC1AF6500F429F1 /* PBXTargetDependency */ = {
			isa = PBXTargetDependency;
			target = AED289391AC1AF6500F429F1 /* Location Logger */;
			targetProxy = AED289501AC1AF6500F429F1 /* PBXContainerItemProxy */;
		};
/* End PBXTargetDependency section */

/* Begin PBXVariantGroup section */
		AED289431AC1AF6500F429F1 /* Main.storyboard */ = {
			isa = PBXVariantGroup;
			children = (
				AED289441AC1AF6500F429F1 /* Base */,
			);
			name = Main.storyboard;
			sourceTree = "<group>";
		};
		AED289481AC1AF6500F429F1 /* LaunchScreen.xib */ = {
			isa = PBXVariantGroup;
			children = (
				AED289491AC1AF6500F429F1 /* Base */,
			);
			name = LaunchScreen.xib;
			sourceTree = "<group>";
		};
/* End PBXVariantGroup section */

/* Begin XCBuildConfiguration section */
		AED289571AC1AF6500F429F1 /* Debug */ = {
			isa = XCBuildConfiguration;
			buildSettings = {
				ALWAYS_SEARCH_USER_PATHS = NO;
				CLANG_CXX_LANGUAGE_STANDARD = "gnu++0x";
				CLANG_CXX_LIBRARY = "libc++";
				CLANG_ENABLE_MODULES = YES;
				CLANG_ENABLE_OBJC_ARC = YES;
				CLANG_WARN_BOOL_CONVERSION = YES;
				CLANG_WARN_CONSTANT_CONVERSION = YES;
				CLANG_WARN_DIRECT_OBJC_ISA_USAGE = YES_ERROR;
				CLANG_WARN_EMPTY_BODY = YES;
				CLANG_WARN_ENUM_CONVERSION = YES;
				CLANG_WARN_INT_CONVERSION = YES;
				CLANG_WARN_OBJC_ROOT_CLASS = YES_ERROR;
				CLANG_WARN_UNREACHABLE_CODE = YES;
				CLANG_WARN__DUPLICATE_METHOD_MATCH = YES;
				"CODE_SIGN_IDENTITY[sdk=iphoneos*]" = "iPhone Developer";
				COPY_PHASE_STRIP = NO;
				ENABLE_STRICT_OBJC_MSGSEND = YES;
				GCC_C_LANGUAGE_STANDARD = gnu99;
				GCC_DYNAMIC_NO_PIC = NO;
				GCC_OPTIMIZATION_LEVEL = 0;
				GCC_PREPROCESSOR_DEFINITIONS = (
					"DEBUG=1",
					"$(inherited)",
				);
				GCC_SYMBOLS_PRIVATE_EXTERN = NO;
				GCC_WARN_64_TO_32_BIT_CONVERSION = YES;
				GCC_WARN_ABOUT_RETURN_TYPE = YES_ERROR;
				GCC_WARN_UNDECLARED_SELECTOR = YES;
				GCC_WARN_UNINITIALIZED_AUTOS = YES_AGGRESSIVE;
				GCC_WARN_UNUSED_FUNCTION = YES;
				GCC_WARN_UNUSED_VARIABLE = YES;
				IPHONEOS_DEPLOYMENT_TARGET = 8.1;
				MTL_ENABLE_DEBUG_INFO = YES;
				ONLY_ACTIVE_ARCH = YES;
				SDKROOT = iphoneos;
				SWIFT_OPTIMIZATION_LEVEL = "-Onone";
			};
			name = Debug;
		};
		AED289581AC1AF6500F429F1 /* Release */ = {
			isa = XCBuildConfiguration;
			buildSettings = {
				ALWAYS_SEARCH_USER_PATHS = NO;
				CLANG_CXX_LANGUAGE_STANDARD = "gnu++0x";
				CLANG_CXX_LIBRARY = "libc++";
				CLANG_ENABLE_MODULES = YES;
				CLANG_ENABLE_OBJC_ARC = YES;
				CLANG_WARN_BOOL_CONVERSION = YES;
				CLANG_WARN_CONSTANT_CONVERSION = YES;
				CLANG_WARN_DIRECT_OBJC_ISA_USAGE = YES_ERROR;
				CLANG_WARN_EMPTY_BODY = YES;
				CLANG_WARN_ENUM_CONVERSION = YES;
				CLANG_WARN_INT_CONVERSION = YES;
				CLANG_WARN_OBJC_ROOT_CLASS = YES_ERROR;
				CLANG_WARN_UNREACHABLE_CODE = YES;
				CLANG_WARN__DUPLICATE_METHOD_MATCH = YES;
				"CODE_SIGN_IDENTITY[sdk=iphoneos*]" = "iPhone Developer";
				COPY_PHASE_STRIP = YES;
				ENABLE_NS_ASSERTIONS = NO;
				ENABLE_STRICT_OBJC_MSGSEND = YES;
				GCC_C_LANGUAGE_STANDARD = gnu99;
				GCC_WARN_64_TO_32_BIT_CONVERSION = YES;
				GCC_WARN_ABOUT_RETURN_TYPE = YES_ERROR;
				GCC_WARN_UNDECLARED_SELECTOR = YES;
				GCC_WARN_UNINITIALIZED_AUTOS = YES_AGGRESSIVE;
				GCC_WARN_UNUSED_FUNCTION = YES;
				GCC_WARN_UNUSED_VARIABLE = YES;
				IPHONEOS_DEPLOYMENT_TARGET = 8.1;
				MTL_ENABLE_DEBUG_INFO = NO;
				SDKROOT = iphoneos;
				VALIDATE_PRODUCT = YES;
			};
			name = Release;
		};
		AED2895A1AC1AF6500F429F1 /* Debug */ = {
			isa = XCBuildConfiguration;
			buildSettings = {
				ASSETCATALOG_COMPILER_APPICON_NAME = AppIcon;
				CODE_SIGN_IDENTITY = "iPhone Developer";
				INFOPLIST_FILE = "Location Logger/Info.plist";
				LD_RUNPATH_SEARCH_PATHS = "$(inherited) @executable_path/Frameworks";
				PRODUCT_NAME = "$(TARGET_NAME)";
			};
			name = Debug;
		};
		AED2895B1AC1AF6500F429F1 /* Release */ = {
			isa = XCBuildConfiguration;
			buildSettings = {
				ASSETCATALOG_COMPILER_APPICON_NAME = AppIcon;
				CODE_SIGN_IDENTITY = "iPhone Developer";
				INFOPLIST_FILE = "Location Logger/Info.plist";
				LD_RUNPATH_SEARCH_PATHS = "$(inherited) @executable_path/Frameworks";
				PRODUCT_NAME = "$(TARGET_NAME)";
			};
			name = Release;
		};
		AED2895D1AC1AF6500F429F1 /* Debug */ = {
			isa = XCBuildConfiguration;
			buildSettings = {
				BUNDLE_LOADER = "$(TEST_HOST)";
				FRAMEWORK_SEARCH_PATHS = (
					"$(SDKROOT)/Developer/Library/Frameworks",
					"$(inherited)",
				);
				GCC_PREPROCESSOR_DEFINITIONS = (
					"DEBUG=1",
					"$(inherited)",
				);
				INFOPLIST_FILE = "Location LoggerTests/Info.plist";
				LD_RUNPATH_SEARCH_PATHS = "$(inherited) @executable_path/Frameworks @loader_path/Frameworks";
				PRODUCT_NAME = "$(TARGET_NAME)";
				TEST_HOST = "$(BUILT_PRODUCTS_DIR)/Location Logger.app/Location Logger";
			};
			name = Debug;
		};
		AED2895E1AC1AF6500F429F1 /* Release */ = {
			isa = XCBuildConfiguration;
			buildSettings = {
				BUNDLE_LOADER = "$(TEST_HOST)";
				FRAMEWORK_SEARCH_PATHS = (
					"$(SDKROOT)/Developer/Library/Frameworks",
					"$(inherited)",
				);
				INFOPLIST_FILE = "Location LoggerTests/Info.plist";
				LD_RUNPATH_SEARCH_PATHS = "$(inherited) @executable_path/Frameworks @loader_path/Frameworks";
				PRODUCT_NAME = "$(TARGET_NAME)";
				TEST_HOST = "$(BUILT_PRODUCTS_DIR)/Location Logger.app/Location Logger";
			};
			name = Release;
		};
/* End XCBuildConfiguration section */

/* Begin XCConfigurationList section */
		AED289351AC1AF6500F429F1 /* Build configuration list for PBXProject "Location Logger" */ = {
			isa = XCConfigurationList;
			buildConfigurations = (
				AED289571AC1AF6500F429F1 /* Debug */,
				AED289581AC1AF6500F429F1 /* Release */,
			);
			defaultConfigurationIsVisible = 0;
			defaultConfigurationName = Release;
		};
		AED289591AC1AF6500F429F1 /* Build configuration list for PBXNativeTarget "Location Logger" */ = {
			isa = XCConfigurationList;
			buildConfigurations = (
				AED2895A1AC1AF6500F429F1 /* Debug */,
				AED2895B1AC1AF6500F429F1 /* Release */,
			);
			defaultConfigurationIsVisible = 0;
		};
		AED2895C1AC1AF6500F429F1 /* Build configuration list for PBXNativeTarget "Location LoggerTests" */ = {
			isa = XCConfigurationList;
			buildConfigurations = (
				AED2895D1AC1AF6500F429F1 /* Debug */,
				AED2895E1AC1AF6500F429F1 /* Release */,
			);
			defaultConfigurationIsVisible = 0;
		};
/* End XCConfigurationList section */
	};
	rootObject = AED289321AC1AF6500F429F1 /* Project object */;
}
